
Microsoft Visual Studio Solution File, Format Version 12.00
# Visual Studio 15
VisualStudioVersion = 15.0.28307.1231
MinimumVisualStudioVersion = 10.0.40219.1
Project("{FAE04EC0-301F-11D3-BF4B-00C04F79EFBC}") = "TempConvertor", "TempConvertor\TempConvertor.csproj", "{C1EF306E-966E-4071-BAD4-BBE100DA67D5}"
EndProject
Global
	GlobalSection(SolutionConfigurationPlatforms) = preSolution
		Debug|Any CPU = Debug|Any CPU
		Release|Any CPU = Release|Any CPU
	EndGlobalSection
	GlobalSection(ProjectConfigurationPlatforms) = postSolution
		{C1EF306E-966E-4071-BAD4-BBE100DA67D5}.Debug|Any CPU.ActiveCfg = Debug|Any CPU
		{C1EF306E-966E-4071-BAD4-BBE100DA67D5}.Debug|Any CPU.Build.0 = Debug|Any CPU
		{C1EF306E-966E-4071-BAD4-BBE100DA67D5}.Release|Any CPU.ActiveCfg = Release|Any CPU
		{C1EF306E-966E-4071-BAD4-BBE100DA67D5}.Release|Any CPU.Build.0 = Release|Any CPU
	EndGlobalSection
	GlobalSection(SolutionProperties) = preSolution
		HideSolutionNode = FALSE
	EndGlobalSection
	GlobalSection(ExtensibilityGlobals) = postSolution
		SolutionGuid = {ED7FF3BE-496B-4A11-B094-5C9CFD05BE23}
	EndGlobalSection
EndGlobal
